// !$*UTF8*$!
{
	archiveVersion = 1;
	classes = {
	};
	objectVersion = 46;
	objects = {

/* Begin PBXBuildFile section */
		ECC14E741DF2BBE400E84202 /* main.m in Sources */ = {isa = PBXBuildFile; fileRef = ECC14E731DF2BBE400E84202 /* main.m */; };
		ECC14E771DF2BBE400E84202 /* AppDelegate.m in Sources */ = {isa = PBXBuildFile; fileRef = ECC14E761DF2BBE400E84202 /* AppDelegate.m */; };
		ECC14E7A1DF2BBE400E84202 /* ViewController.m in Sources */ = {isa = PBXBuildFile; fileRef = ECC14E791DF2BBE400E84202 /* ViewController.m */; };
		ECC14E7D1DF2BBE400E84202 /* Main.storyboard in Resources */ = {isa = PBXBuildFile; fileRef = ECC14E7B1DF2BBE400E84202 /* Main.storyboard */; };
		ECC14E7F1DF2BBE400E84202 /* Assets.xcassets in Resources */ = {isa = PBXBuildFile; fileRef = ECC14E7E1DF2BBE400E84202 /* Assets.xcassets */; };
		ECC14E821DF2BBE400E84202 /* LaunchScreen.storyboard in Resources */ = {isa = PBXBuildFile; fileRef = ECC14E801DF2BBE400E84202 /* LaunchScreen.storyboard */; };
		ECC14E8D1DF2C32100E84202 /* NoExceptionCatchVC.m in Sources */ = {isa = PBXBuildFile; fileRef = ECC14E8C1DF2C32100E84202 /* NoExceptionCatchVC.m */; };
/* End PBXBuildFile section */

/* Begin PBXFileReference section */
		ECC14E6F1DF2BBE400E84202 /* CrashDemo.app */ = {isa = PBXFileReference; explicitFileType = wrapper.application; includeInIndex = 0; path = CrashDemo.app; sourceTree = BUILT_PRODUCTS_DIR; };
		ECC14E731DF2BBE400E84202 /* main.m */ = {isa = PBXFileReference; lastKnownFileType = sourcecode.c.objc; path = main.m; sourceTree = "<group>"; };
		ECC14E751DF2BBE400E84202 /* AppDelegate.h */ = {isa = PBXFileReference; lastKnownFileType = sourcecode.c.h; path = AppDelegate.h; sourceTree = "<group>"; };
		ECC14E761DF2BBE400E84202 /* AppDelegate.m */ = {isa = PBXFileReference; lastKnownFileType = sourcecode.c.objc; path = AppDelegate.m; sourceTree = "<group>"; };
		ECC14E781DF2BBE400E84202 /* ViewController.h */ = {isa = PBXFileReference; lastKnownFileType = sourcecode.c.h; path = ViewController.h; sourceTree = "<group>"; };
		ECC14E791DF2BBE400E84202 /* ViewController.m */ = {isa = PBXFileReference; lastKnownFileType = sourcecode.c.objc; path = ViewController.m; sourceTree = "<group>"; };
		ECC14E7C1DF2BBE400E84202 /* Base */ = {isa = PBXFileReference; lastKnownFileType = file.storyboard; name = Base; path = Base.lproj/Main.storyboard; sourceTree = "<group>"; };
		ECC14E7E1DF2BBE400E84202 /* Assets.xcassets */ = {isa = PBXFileReference; lastKnownFileType = folder.assetcatalog; path = Assets.xcassets; sourceTree = "<group>"; };
		ECC14E811DF2BBE400E84202 /* Base */ = {isa = PBXFileReference; lastKnownFileType = file.storyboard; name = Base; path = Base.lproj/LaunchScreen.storyboard; sourceTree = "<group>"; };
		ECC14E831DF2BBE400E84202 /* Info.plist */ = {isa = PBXFileReference; lastKnownFileType = text.plist.xml; path = Info.plist; sourceTree = "<group>"; };
		ECC14E8B1DF2C32100E84202 /* NoExceptionCatchVC.h */ = {isa = PBXFileReference; fileEncoding = 4; lastKnownFileType = sourcecode.c.h; path = NoExceptionCatchVC.h; sourceTree = "<group>"; };
		ECC14E8C1DF2C32100E84202 /* NoExceptionCatchVC.m */ = {isa = PBXFileReference; fileEncoding = 4; lastKnownFileType = sourcecode.c.objc; path = NoExceptionCatchVC.m; sourceTree = "<group>"; };
/* End PBXFileReference section */

/* Begin PBXFrameworksBuildPhase section */
		ECC14E6C1DF2BBE400E84202 /* Frameworks */ = {
			isa = PBXFrameworksBuildPhase;
			buildActionMask = 2147483647;
			files = (
			);
			runOnlyForDeploymentPostprocessing = 0;
		};
/* End PBXFrameworksBuildPhase section */

/* Begin PBXGroup section */
		ECC14E661DF2BBE300E84202 = {
			isa = PBXGroup;
			children = (
				ECC14E711DF2BBE400E84202 /* CrashDemo */,
				ECC14E701DF2BBE400E84202 /* Products */,
			);
			sourceTree = "<group>";
		};
		ECC14E701DF2BBE400E84202 /* Products */ = {
			isa = PBXGroup;
			children = (
				ECC14E6F1DF2BBE400E84202 /* CrashDemo.app */,
			);
			name = Products;
			sourceTree = "<group>";
		};
		ECC14E711DF2BBE400E84202 /* CrashDemo */ = {
			isa = PBXGroup;
			children = (
				ECC14E8A1DF2C2E700E84202 /* NoExceptionCatch */,
				ECC14E751DF2BBE400E84202 /* AppDelegate.h */,
				ECC14E761DF2BBE400E84202 /* AppDelegate.m */,
				ECC14E781DF2BBE400E84202 /* ViewController.h */,
				ECC14E791DF2BBE400E84202 /* ViewController.m */,
				ECC14E7B1DF2BBE400E84202 /* Main.storyboard */,
				ECC14E7E1DF2BBE400E84202 /* Assets.xcassets */,
				ECC14E801DF2BBE400E84202 /* LaunchScreen.storyboard */,
				ECC14E831DF2BBE400E84202 /* Info.plist */,
				ECC14E721DF2BBE400E84202 /* Supporting Files */,
			);
			path = CrashDemo;
			sourceTree = "<group>";
		};
		ECC14E721DF2BBE400E84202 /* Supporting Files */ = {
			isa = PBXGroup;
			children = (
				ECC14E731DF2BBE400E84202 /* main.m */,
			);
			name = "Supporting Files";
			sourceTree = "<group>";
		};
		ECC14E8A1DF2C2E700E84202 /* NoExceptionCatch */ = {
			isa = PBXGroup;
			children = (
				ECC14E8B1DF2C32100E84202 /* NoExceptionCatchVC.h */,
				ECC14E8C1DF2C32100E84202 /* NoExceptionCatchVC.m */,
			);
			name = NoExceptionCatch;
			sourceTree = "<group>";
		};
/* End PBXGroup section */

/* Begin PBXNativeTarget section */
		ECC14E6E1DF2BBE400E84202 /* CrashDemo */ = {
			isa = PBXNativeTarget;
			buildConfigurationList = ECC14E861DF2BBE400E84202 /* Build configuration list for PBXNativeTarget "CrashDemo" */;
			buildPhases = (
				ECC14E6B1DF2BBE400E84202 /* Sources */,
				ECC14E6C1DF2BBE400E84202 /* Frameworks */,
				ECC14E6D1DF2BBE400E84202 /* Resources */,
			);
			buildRules = (
			);
			dependencies = (
			);
			name = CrashDemo;
			productName = CrashDemo;
			productReference = ECC14E6F1DF2BBE400E84202 /* CrashDemo.app */;
			productType = "com.apple.product-type.application";
		};
/* End PBXNativeTarget section */

/* Begin PBXProject section */
		ECC14E671DF2BBE400E84202 /* Project object */ = {
			isa = PBXProject;
			attributes = {
				LastUpgradeCheck = 0810;
				ORGANIZATIONNAME = Tencent;
				TargetAttributes = {
					ECC14E6E1DF2BBE400E84202 = {
						CreatedOnToolsVersion = 8.1;
						ProvisioningStyle = Automatic;
					};
				};
			};
			buildConfigurationList = ECC14E6A1DF2BBE400E84202 /* Build configuration list for PBXProject "CrashDemo" */;
			compatibilityVersion = "Xcode 3.2";
			developmentRegion = English;
			hasScannedForEncodings = 0;
			knownRegions = (
				en,
				Base,
			);
			mainGroup = ECC14E661DF2BBE300E84202;
			productRefGroup = ECC14E701DF2BBE400E84202 /* Products */;
			projectDirPath = "";
			projectRoot = "";
			targets = (
				ECC14E6E1DF2BBE400E84202 /* CrashDemo */,
			);
		};
/* End PBXProject section */

/* Begin PBXResourcesBuildPhase section */
		ECC14E6D1DF2BBE400E84202 /* Resources */ = {
			isa = PBXResourcesBuildPhase;
			buildActionMask = 2147483647;
			files = (
				ECC14E821DF2BBE400E84202 /* LaunchScreen.storyboard in Resources */,
				ECC14E7F1DF2BBE400E84202 /* Assets.xcassets in Resources */,
				ECC14E7D1DF2BBE400E84202 /* Main.storyboard in Resources */,
			);
			runOnlyForDeploymentPostprocessing = 0;
		};
/* End PBXResourcesBuildPhase section */

/* Begin PBXSourcesBuildPhase section */
		ECC14E6B1DF2BBE400E84202 /* Sources */ = {
			isa = PBXSourcesBuildPhase;
			buildActionMask = 2147483647;
			files = (
				ECC14E7A1DF2BBE400E84202 /* ViewController.m in Sources */,
				ECC14E771DF2BBE400E84202 /* AppDelegate.m in Sources */,
				ECC14E741DF2BBE400E84202 /* main.m in Sources */,
				ECC14E8D1DF2C32100E84202 /* NoExceptionCatchVC.m in Sources */,
			);
			runOnlyForDeploymentPostprocessing = 0;
		};
/* End PBXSourcesBuildPhase section */

/* Begin PBXVariantGroup section */
		ECC14E7B1DF2BBE400E84202 /* Main.storyboard */ = {
			isa = PBXVariantGroup;
			children = (
				ECC14E7C1DF2BBE400E84202 /* Base */,
			);
			name = Main.storyboard;
			sourceTree = "<group>";
		};
		ECC14E801DF2BBE400E84202 /* LaunchScreen.storyboard */ = {
			isa = PBXVariantGroup;
			children = (
				ECC14E811DF2BBE400E84202 /* Base */,
			);
			name = LaunchScreen.storyboard;
			sourceTree = "<group>";
		};
/* End PBXVariantGroup section */

/* Begin XCBuildConfiguration section */
		ECC14E841DF2BBE400E84202 /* Debug */ = {
			isa = XCBuildConfiguration;
			buildSettings = {
				ALWAYS_SEARCH_USER_PATHS = NO;
				CLANG_ANALYZER_NONNULL = YES;
				CLANG_CXX_LANGUAGE_STANDARD = "gnu++0x";
				CLANG_CXX_LIBRARY = "libc++";
				CLANG_ENABLE_MODULES = YES;
				CLANG_ENABLE_OBJC_ARC = YES;
				CLANG_WARN_BOOL_CONVERSION = YES;
				CLANG_WARN_CONSTANT_CONVERSION = YES;
				CLANG_WARN_DIRECT_OBJC_ISA_USAGE = YES_ERROR;
				CLANG_WARN_DOCUMENTATION_COMMENTS = YES;
				CLANG_WARN_EMPTY_BODY = YES;
				CLANG_WARN_ENUM_CONVERSION = YES;
				CLANG_WARN_INFINITE_RECURSION = YES;
				CLANG_WARN_INT_CONVERSION = YES;
				CLANG_WARN_OBJC_ROOT_CLASS = YES_ERROR;
				CLANG_WARN_SUSPICIOUS_MOVES = YES;
				CLANG_WARN_UNREACHABLE_CODE = YES;
				CLANG_WARN__DUPLICATE_METHOD_MATCH = YES;
				"CODE_SIGN_IDENTITY[sdk=iphoneos*]" = "iPhone Developer";
				COPY_PHASE_STRIP = NO;
				DEBUG_INFORMATION_FORMAT = dwarf;
				ENABLE_STRICT_OBJC_MSGSEND = YES;
				ENABLE_TESTABILITY = YES;
				GCC_C_LANGUAGE_STANDARD = gnu99;
				GCC_DYNAMIC_NO_PIC = NO;
				GCC_NO_COMMON_BLOCKS = YES;
				GCC_OPTIMIZATION_LEVEL = 0;
				GCC_PREPROCESSOR_DEFINITIONS = (
					"DEBUG=1",
					"$(inherited)",
				);
				GCC_WARN_64_TO_32_BIT_CONVERSION = YES;
				GCC_WARN_ABOUT_RETURN_TYPE = YES_ERROR;
				GCC_WARN_UNDECLARED_SELECTOR = YES;
				GCC_WARN_UNINITIALIZED_AUTOS = YES_AGGRESSIVE;
				GCC_WARN_UNUSED_FUNCTION = YES;
				GCC_WARN_UNUSED_VARIABLE = YES;
				IPHONEOS_DEPLOYMENT_TARGET = 10.1;
				MTL_ENABLE_DEBUG_INFO = YES;
				ONLY_ACTIVE_ARCH = YES;
				SDKROOT = iphoneos;
				TARGETED_DEVICE_FAMILY = "1,2";
			};
			name = Debug;
		};
		ECC14E851DF2BBE400E84202 /* Release */ = {
			isa = XCBuildConfiguration;
			buildSettings = {
				ALWAYS_SEARCH_USER_PATHS = NO;
				CLANG_ANALYZER_NONNULL = YES;
				CLANG_CXX_LANGUAGE_STANDARD = "gnu++0x";
				CLANG_CXX_LIBRARY = "libc++";
				CLANG_ENABLE_MODULES = YES;
				CLANG_ENABLE_OBJC_ARC = YES;
				CLANG_WARN_BOOL_CONVERSION = YES;
				CLANG_WARN_CONSTANT_CONVERSION = YES;
				CLANG_WARN_DIRECT_OBJC_ISA_USAGE = YES_ERROR;
				CLANG_WARN_DOCUMENTATION_COMMENTS = YES;
				CLANG_WARN_EMPTY_BODY = YES;
				CLANG_WARN_ENUM_CONVERSION = YES;
				CLANG_WARN_INFINITE_RECURSION = YES;
				CLANG_WARN_INT_CONVERSION = YES;
				CLANG_WARN_OBJC_ROOT_CLASS = YES_ERROR;
				CLANG_WARN_SUSPICIOUS_MOVES = YES;
				CLANG_WARN_UNREACHABLE_CODE = YES;
				CLANG_WARN__DUPLICATE_METHOD_MATCH = YES;
				"CODE_SIGN_IDENTITY[sdk=iphoneos*]" = "iPhone Developer";
				COPY_PHASE_STRIP = NO;
				DEBUG_INFORMATION_FORMAT = "dwarf-with-dsym";
				ENABLE_NS_ASSERTIONS = NO;
				ENABLE_STRICT_OBJC_MSGSEND = YES;
				GCC_C_LANGUAGE_STANDARD = gnu99;
				GCC_NO_COMMON_BLOCKS = YES;
				GCC_WARN_64_TO_32_BIT_CONVERSION = YES;
				GCC_WARN_ABOUT_RETURN_TYPE = YES_ERROR;
				GCC_WARN_UNDECLARED_SELECTOR = YES;
				GCC_WARN_UNINITIALIZED_AUTOS = YES_AGGRESSIVE;
				GCC_WARN_UNUSED_FUNCTION = YES;
				GCC_WARN_UNUSED_VARIABLE = YES;
				IPHONEOS_DEPLOYMENT_TARGET = 10.1;
				MTL_ENABLE_DEBUG_INFO = NO;
				SDKROOT = iphoneos;
				TARGETED_DEVICE_FAMILY = "1,2";
				VALIDATE_PRODUCT = YES;
			};
			name = Release;
		};
		ECC14E871DF2BBE400E84202 /* Debug */ = {
			isa = XCBuildConfiguration;
			buildSettings = {
				ASSETCATALOG_COMPILER_APPICON_NAME = AppIcon;
				INFOPLIST_FILE = CrashDemo/Info.plist;
				LD_RUNPATH_SEARCH_PATHS = "$(inherited) @executable_path/Frameworks";
				PRODUCT_BUNDLE_IDENTIFIER = com.tencent.CrashDemo;
				PRODUCT_NAME = "$(TARGET_NAME)";
			};
			name = Debug;
		};
		ECC14E881DF2BBE400E84202 /* Release */ = {
			isa = XCBuildConfiguration;
			buildSettings = {
				ASSETCATALOG_COMPILER_APPICON_NAME = AppIcon;
				INFOPLIST_FILE = CrashDemo/Info.plist;
				LD_RUNPATH_SEARCH_PATHS = "$(inherited) @executable_path/Frameworks";
				PRODUCT_BUNDLE_IDENTIFIER = com.tencent.CrashDemo;
				PRODUCT_NAME = "$(TARGET_NAME)";
			};
			name = Release;
		};
/* End XCBuildConfiguration section */

/* Begin XCConfigurationList section */
		ECC14E6A1DF2BBE400E84202 /* Build configuration list for PBXProject "CrashDemo" */ = {
			isa = XCConfigurationList;
			buildConfigurations = (
				ECC14E841DF2BBE400E84202 /* Debug */,
				ECC14E851DF2BBE400E84202 /* Release */,
			);
			defaultConfigurationIsVisible = 0;
			defaultConfigurationName = Release;
		};
		ECC14E861DF2BBE400E84202 /* Build configuration list for PBXNativeTarget "CrashDemo" */ = {
			isa = XCConfigurationList;
			buildConfigurations = (
				ECC14E871DF2BBE400E84202 /* Debug */,
				ECC14E881DF2BBE400E84202 /* Release */,
			);
			defaultConfigurationIsVisible = 0;
		};
/* End XCConfigurationList section */
	};
	rootObject = ECC14E671DF2BBE400E84202 /* Project object */;
}
